
Microsoft Visual Studio Solution File, Format Version 12.00
# Visual Studio Version 17
VisualStudioVersion = 17.6.33829.357
MinimumVisualStudioVersion = 10.0.40219.1
Project("{9A19103F-16F7-4668-BE54-9A1E7A4F7556}") = "SharpcordBotLibrary", "SharpcordBotLibrary\SharpcordBotLibrary.csproj", "{80AA5AA6-0627-4D65-A9BF-EFDCB53F3A51}"
EndProject
Project("{9A19103F-16F7-4668-BE54-9A1E7A4F7556}") = "SharpcordHost", "SharpcordHost\SharpcordHost.csproj", "{76664758-E065-495E-8754-8F42AE7CFFAA}"
EndProject
Project("{2150E333-8FDC-42A3-9474-1A3956D46DE8}") = "Bots", "Bots", "{5EDC5616-E3F5-400C-B3B8-C9859ED8136A}"
EndProject
Project("{9A19103F-16F7-4668-BE54-9A1E7A4F7556}") = "ExampleBot", "ExampleBot\ExampleBot.csproj", "{166C2BD2-39A2-4881-9945-F1F7B701CB2E}"
EndProject
Project("{9A19103F-16F7-4668-BE54-9A1E7A4F7556}") = "ExampleWebhookBot", "ExampleWebhookBot\ExampleWebhookBot.csproj", "{1A4B7463-30FA-43BF-B08B-4C2CD4F36719}"
EndProject
Project("{9A19103F-16F7-4668-BE54-9A1E7A4F7556}") = "DeferredExample", "DeferredExample\DeferredExample.csproj", "{69E64425-16C2-4183-89AF-CA9CAC804321}"
EndProject
Project("{9A19103F-16F7-4668-BE54-9A1E7A4F7556}") = "Tests", "Tests\Tests.csproj", "{1DB68F4D-EFBF-42E5-8F55-00D6F2D3AA03}"
EndProject
Global
	GlobalSection(SolutionConfigurationPlatforms) = preSolution
		Debug|Any CPU = Debug|Any CPU
		Release|Any CPU = Release|Any CPU
	EndGlobalSection
	GlobalSection(ProjectConfigurationPlatforms) = postSolution
		{80AA5AA6-0627-4D65-A9BF-EFDCB53F3A51}.Debug|Any CPU.ActiveCfg = Debug|Any CPU
		{80AA5AA6-0627-4D65-A9BF-EFDCB53F3A51}.Debug|Any CPU.Build.0 = Debug|Any CPU
		{80AA5AA6-0627-4D65-A9BF-EFDCB53F3A51}.Release|Any CPU.ActiveCfg = Release|Any CPU
		{80AA5AA6-0627-4D65-A9BF-EFDCB53F3A51}.Release|Any CPU.Build.0 = Release|Any CPU
		{76664758-E065-495E-8754-8F42AE7CFFAA}.Debug|Any CPU.ActiveCfg = Debug|Any CPU
		{76664758-E065-495E-8754-8F42AE7CFFAA}.Debug|Any CPU.Build.0 = Debug|Any CPU
		{76664758-E065-495E-8754-8F42AE7CFFAA}.Release|Any CPU.ActiveCfg = Release|Any CPU
		{76664758-E065-495E-8754-8F42AE7CFFAA}.Release|Any CPU.Build.0 = Release|Any CPU
		{166C2BD2-39A2-4881-9945-F1F7B701CB2E}.Debug|Any CPU.ActiveCfg = Debug|Any CPU
		{166C2BD2-39A2-4881-9945-F1F7B701CB2E}.Debug|Any CPU.Build.0 = Debug|Any CPU
		{166C2BD2-39A2-4881-9945-F1F7B701CB2E}.Release|Any CPU.ActiveCfg = Release|Any CPU
		{166C2BD2-39A2-4881-9945-F1F7B701CB2E}.Release|Any CPU.Build.0 = Release|Any CPU
		{1A4B7463-30FA-43BF-B08B-4C2CD4F36719}.Debug|Any CPU.ActiveCfg = Debug|Any CPU
		{1A4B7463-30FA-43BF-B08B-4C2CD4F36719}.Debug|Any CPU.Build.0 = Debug|Any CPU
		{1A4B7463-30FA-43BF-B08B-4C2CD4F36719}.Release|Any CPU.ActiveCfg = Release|Any CPU
		{1A4B7463-30FA-43BF-B08B-4C2CD4F36719}.Release|Any CPU.Build.0 = Release|Any CPU
		{69E64425-16C2-4183-89AF-CA9CAC804321}.Debug|Any CPU.ActiveCfg = Debug|Any CPU
		{69E64425-16C2-4183-89AF-CA9CAC804321}.Debug|Any CPU.Build.0 = Debug|Any CPU
		{69E64425-16C2-4183-89AF-CA9CAC804321}.Release|Any CPU.ActiveCfg = Release|Any CPU
		{69E64425-16C2-4183-89AF-CA9CAC804321}.Release|Any CPU.Build.0 = Release|Any CPU
		{1DB68F4D-EFBF-42E5-8F55-00D6F2D3AA03}.Debug|Any CPU.ActiveCfg = Debug|Any CPU
		{1DB68F4D-EFBF-42E5-8F55-00D6F2D3AA03}.Debug|Any CPU.Build.0 = Debug|Any CPU
		{1DB68F4D-EFBF-42E5-8F55-00D6F2D3AA03}.Release|Any CPU.ActiveCfg = Release|Any CPU
		{1DB68F4D-EFBF-42E5-8F55-00D6F2D3AA03}.Release|Any CPU.Build.0 = Release|Any CPU
	EndGlobalSection
	GlobalSection(SolutionProperties) = preSolution
		HideSolutionNode = FALSE
	EndGlobalSection
	GlobalSection(NestedProjects) = preSolution
		{166C2BD2-39A2-4881-9945-F1F7B701CB2E} = {5EDC5616-E3F5-400C-B3B8-C9859ED8136A}
		{1A4B7463-30FA-43BF-B08B-4C2CD4F36719} = {5EDC5616-E3F5-400C-B3B8-C9859ED8136A}
		{69E64425-16C2-4183-89AF-CA9CAC804321} = {5EDC5616-E3F5-400C-B3B8-C9859ED8136A}
	EndGlobalSection
	GlobalSection(ExtensibilityGlobals) = postSolution
		SolutionGuid = {78CDD4FD-B064-4608-B269-391DA72C2185}
	EndGlobalSection
EndGlobal
